{
  "name": "nextjs-blog",
  "lockfileVersion": 3,
  "requires": true,
  "packages": {
    "": {
      "dependencies": {
        "next": "latest",
        "react": "18.2.0",
        "react-dom": "18.2.0",
        "reactflow": "^11.7.4"
      }
    },
    "node_modules/@next/env": {
      "version": "13.4.9",
      "resolved": "https://registry.npmjs.org/@next/env/-/env-13.4.9.tgz",
      "integrity": "sha512-vuDRK05BOKfmoBYLNi2cujG2jrYbEod/ubSSyqgmEx9n/W3eZaJQdRNhTfumO+qmq/QTzLurW487n/PM/fHOkw=="
    },
    "node_modules/@next/swc-darwin-arm64": {
      "version": "13.4.9",
      "resolved": "https://registry.npmjs.org/@next/swc-darwin-arm64/-/swc-darwin-arm64-13.4.9.tgz",
      "integrity": "sha512-TVzGHpZoVBk3iDsTOQA/R6MGmFp0+17SWXMEWd6zG30AfuELmSSMe2SdPqxwXU0gbpWkJL1KgfLzy5ReN0crqQ==",
      "cpu": [
        "arm64"
      ],
      "optional": true,
      "os": [
        "darwin"
      ],
      "engines": {
        "node": ">= 10"
      }
    },
    "node_modules/@next/swc-darwin-x64": {
      "version": "13.4.9",
      "resolved": "https://registry.npmjs.org/@next/swc-darwin-x64/-/swc-darwin-x64-13.4.9.tgz",
      "integrity": "sha512-aSfF1fhv28N2e7vrDZ6zOQ+IIthocfaxuMWGReB5GDriF0caTqtHttAvzOMgJgXQtQx6XhyaJMozLTSEXeNN+A==",
      "cpu": [
        "x64"
      ],
      "optional": true,
      "os": [
        "darwin"
      ],
      "engines": {
        "node": ">= 10"
      }
    },
    "node_modules/@next/swc-linux-arm64-gnu": {
      "version": "13.4.9",
      "resolved": "https://registry.npmjs.org/@next/swc-linux-arm64-gnu/-/swc-linux-arm64-gnu-13.4.9.tgz",
      "integrity": "sha512-JhKoX5ECzYoTVyIy/7KykeO4Z2lVKq7HGQqvAH+Ip9UFn1MOJkOnkPRB7v4nmzqAoY+Je05Aj5wNABR1N18DMg==",
      "cpu": [
        "arm64"
      ],
      "optional": true,
      "os": [
        "linux"
      ],
      "engines": {
        "node": ">= 10"
      }
    },
    "node_modules/@next/swc-linux-arm64-musl": {
      "version": "13.4.9",
      "resolved": "https://registry.npmjs.org/@next/swc-linux-arm64-musl/-/swc-linux-arm64-musl-13.4.9.tgz",
      "integrity": "sha512-OOn6zZBIVkm/4j5gkPdGn4yqQt+gmXaLaSjRSO434WplV8vo2YaBNbSHaTM9wJpZTHVDYyjzuIYVEzy9/5RVZw==",
      "cpu": [
        "arm64"
      ],
      "optional": true,
      "os": [
        "linux"
      ],
      "engines": {
        "node": ">= 10"
      }
    },
    "node_modules/@next/swc-linux-x64-gnu": {
      "version": "13.4.9",
      "resolved": "https://registry.npmjs.org/@next/swc-linux-x64-gnu/-/swc-linux-x64-gnu-13.4.9.tgz",
      "integrity": "sha512-iA+fJXFPpW0SwGmx/pivVU+2t4zQHNOOAr5T378PfxPHY6JtjV6/0s1vlAJUdIHeVpX98CLp9k5VuKgxiRHUpg==",
      "cpu": [
        "x64"
      ],
      "optional": true,
      "os": [
        "linux"
      ],
      "engines": {
        "node": ">= 10"
      }
    },
    "node_modules/@next/swc-linux-x64-musl": {
      "version": "13.4.9",
      "resolved": "https://registry.npmjs.org/@next/swc-linux-x64-musl/-/swc-linux-x64-musl-13.4.9.tgz",
      "integrity": "sha512-rlNf2WUtMM+GAQrZ9gMNdSapkVi3koSW3a+dmBVp42lfugWVvnyzca/xJlN48/7AGx8qu62WyO0ya1ikgOxh6A==",
      "cpu": [
        "x64"
      ],
      "optional": true,
      "os": [
        "linux"
      ],
      "engines": {
        "node": ">= 10"
      }
    },
    "node_modules/@next/swc-win32-arm64-msvc": {
      "version": "13.4.9",
      "resolved": "https://registry.npmjs.org/@next/swc-win32-arm64-msvc/-/swc-win32-arm64-msvc-13.4.9.tgz",
      "integrity": "sha512-5T9ybSugXP77nw03vlgKZxD99AFTHaX8eT1ayKYYnGO9nmYhJjRPxcjU5FyYI+TdkQgEpIcH7p/guPLPR0EbKA==",
      "cpu": [
        "arm64"
      ],
      "optional": true,
      "os": [
        "win32"
      ],
      "engines": {
        "node": ">= 10"
      }
    },
    "node_modules/@next/swc-win32-ia32-msvc": {
      "version": "13.4.9",
      "resolved": "https://registry.npmjs.org/@next/swc-win32-ia32-msvc/-/swc-win32-ia32-msvc-13.4.9.tgz",
      "integrity": "sha512-ojZTCt1lP2ucgpoiFgrFj07uq4CZsq4crVXpLGgQfoFq00jPKRPgesuGPaz8lg1yLfvafkU3Jd1i8snKwYR3LA==",
      "cpu": [
        "ia32"
      ],
      "optional": true,
      "os": [
        "win32"
      ],
      "engines": {
        "node": ">= 10"
      }
    },
    "node_modules/@next/swc-win32-x64-msvc": {
      "version": "13.4.9",
      "resolved": "https://registry.npmjs.org/@next/swc-win32-x64-msvc/-/swc-win32-x64-msvc-13.4.9.tgz",
      "integrity": "sha512-QbT03FXRNdpuL+e9pLnu+XajZdm/TtIXVYY4lA9t+9l0fLZbHXDYEKitAqxrOj37o3Vx5ufxiRAniaIebYDCgw==",
      "cpu": [
        "x64"
      ],
      "optional": true,
      "os": [
        "win32"
      ],
      "engines": {
        "node": ">= 10"
      }
    },
    "node_modules/@reactflow/background": {
      "version": "11.2.4",
      "resolved": "https://registry.npmjs.org/@reactflow/background/-/background-11.2.4.tgz",
      "integrity": "sha512-SYQbCRCU0GuxT/40Tm7ZK+l5wByGnNJSLtZhbL9C/Hl7JhsJXV3UGXr0vrlhVZUBEtkWA7XhZM/5S9XEA5XSFA==",
      "dependencies": {
        "@reactflow/core": "11.7.4",
        "classcat": "^5.0.3",
        "zustand": "^4.3.1"
      },
      "peerDependencies": {
        "react": ">=17",
        "react-dom": ">=17"
      }
    },
    "node_modules/@reactflow/controls": {
      "version": "11.1.15",
      "resolved": "https://registry.npmjs.org/@reactflow/controls/-/controls-11.1.15.tgz",
      "integrity": "sha512-//33XfBYu8vQ6brfmlZwKrDoh+8hh93xO2d88XiqfIbrPEEb32SYjsb9mS9VuHKNlSIW+eB27fBA1Gt00mEj5w==",
      "dependencies": {
        "@reactflow/core": "11.7.4",
        "classcat": "^5.0.3",
        "zustand": "^4.3.1"
      },
      "peerDependencies": {
        "react": ">=17",
        "react-dom": ">=17"
      }
    },
    "node_modules/@reactflow/core": {
      "version": "11.7.4",
      "resolved": "https://registry.npmjs.org/@reactflow/core/-/core-11.7.4.tgz",
      "integrity": "sha512-nt0T8ERp8TE7YCDQViaoEY9lb0StDPrWHVx3zBjhStFYET3wc88t8QRasZdf99xRTmyNtI3U3M40M5EBLNUpMw==",
      "dependencies": {
        "@types/d3": "^7.4.0",
        "@types/d3-drag": "^3.0.1",
        "@types/d3-selection": "^3.0.3",
        "@types/d3-zoom": "^3.0.1",
        "classcat": "^5.0.3",
        "d3-drag": "^3.0.0",
        "d3-selection": "^3.0.0",
        "d3-zoom": "^3.0.0",
        "zustand": "^4.3.1"
      },
      "peerDependencies": {
        "react": ">=17",
        "react-dom": ">=17"
      }
    },
    "node_modules/@reactflow/minimap": {
      "version": "11.5.4",
      "resolved": "https://registry.npmjs.org/@reactflow/minimap/-/minimap-11.5.4.tgz",
      "integrity": "sha512-1tDBj2zX2gxu2oHU6qvH5RGNrOWRfRxu8369KhDotuuBN5yJrGXJzWIKikwhzjsNsQJYOB+B0cS44yWAfwSwzw==",
      "dependencies": {
        "@reactflow/core": "11.7.4",
        "@types/d3-selection": "^3.0.3",
        "@types/d3-zoom": "^3.0.1",
        "classcat": "^5.0.3",
        "d3-selection": "^3.0.0",
        "d3-zoom": "^3.0.0",
        "zustand": "^4.3.1"
      },
      "peerDependencies": {
        "react": ">=17",
        "react-dom": ">=17"
      }
    },
    "node_modules/@reactflow/node-resizer": {
      "version": "2.1.1",
      "resolved": "https://registry.npmjs.org/@reactflow/node-resizer/-/node-resizer-2.1.1.tgz",
      "integrity": "sha512-5Q+IBmZfpp/bYsw3+KRVJB1nUbj6W3XAp5ycx4uNWH+K98vbssymyQsW0vvKkIhxEPg6tkiMzO4UWRWvwBwt1g==",
      "dependencies": {
        "@reactflow/core": "^11.6.0",
        "classcat": "^5.0.4",
        "d3-drag": "^3.0.0",
        "d3-selection": "^3.0.0",
        "zustand": "^4.3.1"
      },
      "peerDependencies": {
        "react": ">=17",
        "react-dom": ">=17"
      }
    },
    "node_modules/@reactflow/node-toolbar": {
      "version": "1.2.3",
      "resolved": "https://registry.npmjs.org/@reactflow/node-toolbar/-/node-toolbar-1.2.3.tgz",
      "integrity": "sha512-uFQy9xpog92s0G1wsPLniwV9nyH4i/MmL7QoMsWdnKaOi7XMhd8SJcCzUdHC3imR21HltsuQITff/XQ51ApMbg==",
      "dependencies": {
        "@reactflow/core": "11.7.4",
        "classcat": "^5.0.3",
        "zustand": "^4.3.1"
      },
      "peerDependencies": {
        "react": ">=17",
        "react-dom": ">=17"
      }
    },
    "node_modules/@swc/helpers": {
      "version": "0.5.1",
      "resolved": "https://registry.npmjs.org/@swc/helpers/-/helpers-0.5.1.tgz",
      "integrity": "sha512-sJ902EfIzn1Fa+qYmjdQqh8tPsoxyBz+8yBKC2HKUxyezKJFwPGOn7pv4WY6QuQW//ySQi5lJjA/ZT9sNWWNTg==",
      "dependencies": {
        "tslib": "^2.4.0"
      }
    },
    "node_modules/@types/d3": {
      "version": "7.4.0",
      "resolved": "https://registry.npmjs.org/@types/d3/-/d3-7.4.0.tgz",
      "integrity": "sha512-jIfNVK0ZlxcuRDKtRS/SypEyOQ6UHaFQBKv032X45VvxSJ6Yi5G9behy9h6tNTHTDGh5Vq+KbmBjUWLgY4meCA==",
      "dependencies": {
        "@types/d3-array": "*",
        "@types/d3-axis": "*",
        "@types/d3-brush": "*",
        "@types/d3-chord": "*",
        "@types/d3-color": "*",
        "@types/d3-contour": "*",
        "@types/d3-delaunay": "*",
        "@types/d3-dispatch": "*",
        "@types/d3-drag": "*",
        "@types/d3-dsv": "*",
        "@types/d3-ease": "*",
        "@types/d3-fetch": "*",
        "@types/d3-force": "*",
        "@types/d3-format": "*",
        "@types/d3-geo": "*",
        "@types/d3-hierarchy": "*",
        "@types/d3-interpolate": "*",
        "@types/d3-path": "*",
        "@types/d3-polygon": "*",
        "@types/d3-quadtree": "*",
        "@types/d3-random": "*",
        "@types/d3-scale": "*",
        "@types/d3-scale-chromatic": "*",
        "@types/d3-selection": "*",
        "@types/d3-shape": "*",
        "@types/d3-time": "*",
        "@types/d3-time-format": "*",
        "@types/d3-timer": "*",
        "@types/d3-transition": "*",
        "@types/d3-zoom": "*"
      }
    },
    "node_modules/@types/d3-array": {
      "version": "3.0.5",
      "resolved": "https://registry.npmjs.org/@types/d3-array/-/d3-array-3.0.5.tgz",
      "integrity": "sha512-Qk7fpJ6qFp+26VeQ47WY0mkwXaiq8+76RJcncDEfMc2ocRzXLO67bLFRNI4OX1aGBoPzsM5Y2T+/m1pldOgD+A=="
    },
    "node_modules/@types/d3-axis": {
      "version": "3.0.2",
      "resolved": "https://registry.npmjs.org/@types/d3-axis/-/d3-axis-3.0.2.tgz",
      "integrity": "sha512-uGC7DBh0TZrU/LY43Fd8Qr+2ja1FKmH07q2FoZFHo1eYl8aj87GhfVoY1saJVJiq24rp1+wpI6BvQJMKgQm8oA==",
      "dependencies": {
        "@types/d3-selection": "*"
      }
    },
    "node_modules/@types/d3-brush": {
      "version": "3.0.2",
      "resolved": "https://registry.npmjs.org/@types/d3-brush/-/d3-brush-3.0.2.tgz",
      "integrity": "sha512-2TEm8KzUG3N7z0TrSKPmbxByBx54M+S9lHoP2J55QuLU0VSQ9mE96EJSAOVNEqd1bbynMjeTS9VHmz8/bSw8rA==",
      "dependencies": {
        "@types/d3-selection": "*"
      }
    },
    "node_modules/@types/d3-chord": {
      "version": "3.0.2",
      "resolved": "https://registry.npmjs.org/@types/d3-chord/-/d3-chord-3.0.2.tgz",
      "integrity": "sha512-abT/iLHD3sGZwqMTX1TYCMEulr+wBd0SzyOQnjYNLp7sngdOHYtNkMRI5v3w5thoN+BWtlHVDx2Osvq6fxhZWw=="
    },
    "node_modules/@types/d3-color": {
      "version": "3.1.0",
      "resolved": "https://registry.npmjs.org/@types/d3-color/-/d3-color-3.1.0.tgz",
      "integrity": "sha512-HKuicPHJuvPgCD+np6Se9MQvS6OCbJmOjGvylzMJRlDwUXjKTTXs6Pwgk79O09Vj/ho3u1ofXnhFOaEWWPrlwA=="
    },
    "node_modules/@types/d3-contour": {
      "version": "3.0.2",
      "resolved": "https://registry.npmjs.org/@types/d3-contour/-/d3-contour-3.0.2.tgz",
      "integrity": "sha512-k6/bGDoAGJZnZWaKzeB+9glgXCYGvh6YlluxzBREiVo8f/X2vpTEdgPy9DN7Z2i42PZOZ4JDhVdlTSTSkLDPlQ==",
      "dependencies": {
        "@types/d3-array": "*",
        "@types/geojson": "*"
      }
    },
    "node_modules/@types/d3-delaunay": {
      "version": "6.0.1",
      "resolved": "https://registry.npmjs.org/@types/d3-delaunay/-/d3-delaunay-6.0.1.tgz",
      "integrity": "sha512-tLxQ2sfT0p6sxdG75c6f/ekqxjyYR0+LwPrsO1mbC9YDBzPJhs2HbJJRrn8Ez1DBoHRo2yx7YEATI+8V1nGMnQ=="
    },
    "node_modules/@types/d3-dispatch": {
      "version": "3.0.2",
      "resolved": "https://registry.npmjs.org/@types/d3-dispatch/-/d3-dispatch-3.0.2.tgz",
      "integrity": "sha512-rxN6sHUXEZYCKV05MEh4z4WpPSqIw+aP7n9ZN6WYAAvZoEAghEK1WeVZMZcHRBwyaKflU43PCUAJNjFxCzPDjg=="
    },
    "node_modules/@types/d3-drag": {
      "version": "3.0.2",
      "resolved": "https://registry.npmjs.org/@types/d3-drag/-/d3-drag-3.0.2.tgz",
      "integrity": "sha512-qmODKEDvyKWVHcWWCOVcuVcOwikLVsyc4q4EBJMREsoQnR2Qoc2cZQUyFUPgO9q4S3qdSqJKBsuefv+h0Qy+tw==",
      "dependencies": {
        "@types/d3-selection": "*"
      }
    },
    "node_modules/@types/d3-dsv": {
      "version": "3.0.1",
      "resolved": "https://registry.npmjs.org/@types/d3-dsv/-/d3-dsv-3.0.1.tgz",
      "integrity": "sha512-76pBHCMTvPLt44wFOieouXcGXWOF0AJCceUvaFkxSZEu4VDUdv93JfpMa6VGNFs01FHfuP4a5Ou68eRG1KBfTw=="
    },
    "node_modules/@types/d3-ease": {
      "version": "3.0.0",
      "resolved": "https://registry.npmjs.org/@types/d3-ease/-/d3-ease-3.0.0.tgz",
      "integrity": "sha512-aMo4eaAOijJjA6uU+GIeW018dvy9+oH5Y2VPPzjjfxevvGQ/oRDs+tfYC9b50Q4BygRR8yE2QCLsrT0WtAVseA=="
    },
    "node_modules/@types/d3-fetch": {
      "version": "3.0.2",
      "resolved": "https://registry.npmjs.org/@types/d3-fetch/-/d3-fetch-3.0.2.tgz",
      "integrity": "sha512-gllwYWozWfbep16N9fByNBDTkJW/SyhH6SGRlXloR7WdtAaBui4plTP+gbUgiEot7vGw/ZZop1yDZlgXXSuzjA==",
      "dependencies": {
        "@types/d3-dsv": "*"
      }
    },
    "node_modules/@types/d3-force": {
      "version": "3.0.4",
      "resolved": "https://registry.npmjs.org/@types/d3-force/-/d3-force-3.0.4.tgz",
      "integrity": "sha512-q7xbVLrWcXvSBBEoadowIUJ7sRpS1yvgMWnzHJggFy5cUZBq2HZL5k/pBSm0GdYWS1vs5/EDwMjSKF55PDY4Aw=="
    },
    "node_modules/@types/d3-format": {
      "version": "3.0.1",
      "resolved": "https://registry.npmjs.org/@types/d3-format/-/d3-format-3.0.1.tgz",
      "integrity": "sha512-5KY70ifCCzorkLuIkDe0Z9YTf9RR2CjBX1iaJG+rgM/cPP+sO+q9YdQ9WdhQcgPj1EQiJ2/0+yUkkziTG6Lubg=="
    },
    "node_modules/@types/d3-geo": {
      "version": "3.0.3",
      "resolved": "https://registry.npmjs.org/@types/d3-geo/-/d3-geo-3.0.3.tgz",
      "integrity": "sha512-bK9uZJS3vuDCNeeXQ4z3u0E7OeJZXjUgzFdSOtNtMCJCLvDtWDwfpRVWlyt3y8EvRzI0ccOu9xlMVirawolSCw==",
      "dependencies": {
        "@types/geojson": "*"
      }
    },
    "node_modules/@types/d3-hierarchy": {
      "version": "3.1.2",
      "resolved": "https://registry.npmjs.org/@types/d3-hierarchy/-/d3-hierarchy-3.1.2.tgz",
      "integrity": "sha512-9hjRTVoZjRFR6xo8igAJyNXQyPX6Aq++Nhb5ebrUF414dv4jr2MitM2fWiOY475wa3Za7TOS2Gh9fmqEhLTt0A=="
    },
    "node_modules/@types/d3-interpolate": {
      "version": "3.0.1",
      "resolved": "https://registry.npmjs.org/@types/d3-interpolate/-/d3-interpolate-3.0.1.tgz",
      "integrity": "sha512-jx5leotSeac3jr0RePOH1KdR9rISG91QIE4Q2PYTu4OymLTZfA3SrnURSLzKH48HmXVUru50b8nje4E79oQSQw==",
      "dependencies": {
        "@types/d3-color": "*"
      }
    },
    "node_modules/@types/d3-path": {
      "version": "3.0.0",
      "resolved": "https://registry.npmjs.org/@types/d3-path/-/d3-path-3.0.0.tgz",
      "integrity": "sha512-0g/A+mZXgFkQxN3HniRDbXMN79K3CdTpLsevj+PXiTcb2hVyvkZUBg37StmgCQkaD84cUJ4uaDAWq7UJOQy2Tg=="
    },
    "node_modules/@types/d3-polygon": {
      "version": "3.0.0",
      "resolved": "https://registry.npmjs.org/@types/d3-polygon/-/d3-polygon-3.0.0.tgz",
      "integrity": "sha512-D49z4DyzTKXM0sGKVqiTDTYr+DHg/uxsiWDAkNrwXYuiZVd9o9wXZIo+YsHkifOiyBkmSWlEngHCQme54/hnHw=="
    },
    "node_modules/@types/d3-quadtree": {
      "version": "3.0.2",
      "resolved": "https://registry.npmjs.org/@types/d3-quadtree/-/d3-quadtree-3.0.2.tgz",
      "integrity": "sha512-QNcK8Jguvc8lU+4OfeNx+qnVy7c0VrDJ+CCVFS9srBo2GL9Y18CnIxBdTF3v38flrGy5s1YggcoAiu6s4fLQIw=="
    },
    "node_modules/@types/d3-random": {
      "version": "3.0.1",
      "resolved": "https://registry.npmjs.org/@types/d3-random/-/d3-random-3.0.1.tgz",
      "integrity": "sha512-IIE6YTekGczpLYo/HehAy3JGF1ty7+usI97LqraNa8IiDur+L44d0VOjAvFQWJVdZOJHukUJw+ZdZBlgeUsHOQ=="
    },
    "node_modules/@types/d3-scale": {
      "version": "4.0.3",
      "resolved": "https://registry.npmjs.org/@types/d3-scale/-/d3-scale-4.0.3.tgz",
      "integrity": "sha512-PATBiMCpvHJSMtZAMEhc2WyL+hnzarKzI6wAHYjhsonjWJYGq5BXTzQjv4l8m2jO183/4wZ90rKvSeT7o72xNQ==",
      "dependencies": {
        "@types/d3-time": "*"
      }
    },
    "node_modules/@types/d3-scale-chromatic": {
      "version": "3.0.0",
      "resolved": "https://registry.npmjs.org/@types/d3-scale-chromatic/-/d3-scale-chromatic-3.0.0.tgz",
      "integrity": "sha512-dsoJGEIShosKVRBZB0Vo3C8nqSDqVGujJU6tPznsBJxNJNwMF8utmS83nvCBKQYPpjCzaaHcrf66iTRpZosLPw=="
    },
    "node_modules/@types/d3-selection": {
      "version": "3.0.5",
      "resolved": "https://registry.npmjs.org/@types/d3-selection/-/d3-selection-3.0.5.tgz",
      "integrity": "sha512-xCB0z3Hi8eFIqyja3vW8iV01+OHGYR2di/+e+AiOcXIOrY82lcvWW8Ke1DYE/EUVMsBl4Db9RppSBS3X1U6J0w=="
    },
    "node_modules/@types/d3-shape": {
      "version": "3.1.1",
      "resolved": "https://registry.npmjs.org/@types/d3-shape/-/d3-shape-3.1.1.tgz",
      "integrity": "sha512-6Uh86YFF7LGg4PQkuO2oG6EMBRLuW9cbavUW46zkIO5kuS2PfTqo2o9SkgtQzguBHbLgNnU90UNsITpsX1My+A==",
      "dependencies": {
        "@types/d3-path": "*"
      }
    },
    "node_modules/@types/d3-time": {
      "version": "3.0.0",
      "resolved": "https://registry.npmjs.org/@types/d3-time/-/d3-time-3.0.0.tgz",
      "integrity": "sha512-sZLCdHvBUcNby1cB6Fd3ZBrABbjz3v1Vm90nysCQ6Vt7vd6e/h9Lt7SiJUoEX0l4Dzc7P5llKyhqSi1ycSf1Hg=="
    },
    "node_modules/@types/d3-time-format": {
      "version": "4.0.0",
      "resolved": "https://registry.npmjs.org/@types/d3-time-format/-/d3-time-format-4.0.0.tgz",
      "integrity": "sha512-yjfBUe6DJBsDin2BMIulhSHmr5qNR5Pxs17+oW4DoVPyVIXZ+m6bs7j1UVKP08Emv6jRmYrYqxYzO63mQxy1rw=="
    },
    "node_modules/@types/d3-timer": {
      "version": "3.0.0",
      "resolved": "https://registry.npmjs.org/@types/d3-timer/-/d3-timer-3.0.0.tgz",
      "integrity": "sha512-HNB/9GHqu7Fo8AQiugyJbv6ZxYz58wef0esl4Mv828w1ZKpAshw/uFWVDUcIB9KKFeFKoxS3cHY07FFgtTRZ1g=="
    },
    "node_modules/@types/d3-transition": {
      "version": "3.0.3",
      "resolved": "https://registry.npmjs.org/@types/d3-transition/-/d3-transition-3.0.3.tgz",
      "integrity": "sha512-/S90Od8Id1wgQNvIA8iFv9jRhCiZcGhPd2qX0bKF/PS+y0W5CrXKgIiELd2CvG1mlQrWK/qlYh3VxicqG1ZvgA==",
      "dependencies": {
        "@types/d3-selection": "*"
      }
    },
    "node_modules/@types/d3-zoom": {
      "version": "3.0.3",
      "resolved": "https://registry.npmjs.org/@types/d3-zoom/-/d3-zoom-3.0.3.tgz",
      "integrity": "sha512-OWk1yYIIWcZ07+igN6BeoG6rqhnJ/pYe+R1qWFM2DtW49zsoSjgb9G5xB0ZXA8hh2jAzey1XuRmMSoXdKw8MDA==",
      "dependencies": {
        "@types/d3-interpolate": "*",
        "@types/d3-selection": "*"
      }
    },
    "node_modules/@types/geojson": {
      "version": "7946.0.10",
      "resolved": "https://registry.npmjs.org/@types/geojson/-/geojson-7946.0.10.tgz",
      "integrity": "sha512-Nmh0K3iWQJzniTuPRcJn5hxXkfB1T1pgB89SBig5PlJQU5yocazeu4jATJlaA0GYFKWMqDdvYemoSnF2pXgLVA=="
    },
    "node_modules/busboy": {
      "version": "1.6.0",
      "resolved": "https://registry.npmjs.org/busboy/-/busboy-1.6.0.tgz",
      "integrity": "sha512-8SFQbg/0hQ9xy3UNTB0YEnsNBbWfhf7RtnzpL7TkBiTBRfrQ9Fxcnz7VJsleJpyp6rVLvXiuORqjlHi5q+PYuA==",
      "dependencies": {
        "streamsearch": "^1.1.0"
      },
      "engines": {
        "node": ">=10.16.0"
      }
    },
    "node_modules/caniuse-lite": {
      "version": "1.0.30001515",
      "resolved": "https://registry.npmjs.org/caniuse-lite/-/caniuse-lite-1.0.30001515.tgz",
      "integrity": "sha512-eEFDwUOZbE24sb+Ecsx3+OvNETqjWIdabMy52oOkIgcUtAsQifjUG9q4U9dgTHJM2mfk4uEPxc0+xuFdJ629QA==",
      "funding": [
        {
          "type": "opencollective",
          "url": "https://opencollective.com/browserslist"
        },
        {
          "type": "tidelift",
          "url": "https://tidelift.com/funding/github/npm/caniuse-lite"
        },
        {
          "type": "github",
          "url": "https://github.com/sponsors/ai"
        }
      ]
    },
    "node_modules/classcat": {
      "version": "5.0.4",
      "resolved": "https://registry.npmjs.org/classcat/-/classcat-5.0.4.tgz",
      "integrity": "sha512-sbpkOw6z413p+HDGcBENe498WM9woqWHiJxCq7nvmxe9WmrUmqfAcxpIwAiMtM5Q3AhYkzXcNQHqsWq0mND51g=="
    },
    "node_modules/client-only": {
      "version": "0.0.1",
      "resolved": "https://registry.npmjs.org/client-only/-/client-only-0.0.1.tgz",
      "integrity": "sha512-IV3Ou0jSMzZrd3pZ48nLkT9DA7Ag1pnPzaiQhpW7c3RbcqqzvzzVu+L8gfqMp/8IM2MQtSiqaCxrrcfu8I8rMA=="
    },
    "node_modules/d3-color": {
      "version": "3.1.0",
      "resolved": "https://registry.npmjs.org/d3-color/-/d3-color-3.1.0.tgz",
      "integrity": "sha512-zg/chbXyeBtMQ1LbD/WSoW2DpC3I0mpmPdW+ynRTj/x2DAWYrIY7qeZIHidozwV24m4iavr15lNwIwLxRmOxhA==",
      "engines": {
        "node": ">=12"
      }
    },
    "node_modules/d3-dispatch": {
      "version": "3.0.1",
      "resolved": "https://registry.npmjs.org/d3-dispatch/-/d3-dispatch-3.0.1.tgz",
      "integrity": "sha512-rzUyPU/S7rwUflMyLc1ETDeBj0NRuHKKAcvukozwhshr6g6c5d8zh4c2gQjY2bZ0dXeGLWc1PF174P2tVvKhfg==",
      "engines": {
        "node": ">=12"
      }
    },
    "node_modules/d3-drag": {
      "version": "3.0.0",
      "resolved": "https://registry.npmjs.org/d3-drag/-/d3-drag-3.0.0.tgz",
      "integrity": "sha512-pWbUJLdETVA8lQNJecMxoXfH6x+mO2UQo8rSmZ+QqxcbyA3hfeprFgIT//HW2nlHChWeIIMwS2Fq+gEARkhTkg==",
      "dependencies": {
        "d3-dispatch": "1 - 3",
        "d3-selection": "3"
      },
      "engines": {
        "node": ">=12"
      }
    },
    "node_modules/d3-ease": {
      "version": "3.0.1",
      "resolved": "https://registry.npmjs.org/d3-ease/-/d3-ease-3.0.1.tgz",
      "integrity": "sha512-wR/XK3D3XcLIZwpbvQwQ5fK+8Ykds1ip7A2Txe0yxncXSdq1L9skcG7blcedkOX+ZcgxGAmLX1FrRGbADwzi0w==",
      "engines": {
        "node": ">=12"
      }
    },
    "node_modules/d3-interpolate": {
      "version": "3.0.1",
      "resolved": "https://registry.npmjs.org/d3-interpolate/-/d3-interpolate-3.0.1.tgz",
      "integrity": "sha512-3bYs1rOD33uo8aqJfKP3JWPAibgw8Zm2+L9vBKEHJ2Rg+viTR7o5Mmv5mZcieN+FRYaAOWX5SJATX6k1PWz72g==",
      "dependencies": {
        "d3-color": "1 - 3"
      },
      "engines": {
        "node": ">=12"
      }
    },
    "node_modules/d3-selection": {
      "version": "3.0.0",
      "resolved": "https://registry.npmjs.org/d3-selection/-/d3-selection-3.0.0.tgz",
      "integrity": "sha512-fmTRWbNMmsmWq6xJV8D19U/gw/bwrHfNXxrIN+HfZgnzqTHp9jOmKMhsTUjXOJnZOdZY9Q28y4yebKzqDKlxlQ==",
      "engines": {
        "node": ">=12"
      }
    },
    "node_modules/d3-timer": {
      "version": "3.0.1",
      "resolved": "https://registry.npmjs.org/d3-timer/-/d3-timer-3.0.1.tgz",
      "integrity": "sha512-ndfJ/JxxMd3nw31uyKoY2naivF+r29V+Lc0svZxe1JvvIRmi8hUsrMvdOwgS1o6uBHmiz91geQ0ylPP0aj1VUA==",
      "engines": {
        "node": ">=12"
      }
    },
    "node_modules/d3-transition": {
      "version": "3.0.1",
      "resolved": "https://registry.npmjs.org/d3-transition/-/d3-transition-3.0.1.tgz",
      "integrity": "sha512-ApKvfjsSR6tg06xrL434C0WydLr7JewBB3V+/39RMHsaXTOG0zmt/OAXeng5M5LBm0ojmxJrpomQVZ1aPvBL4w==",
      "dependencies": {
        "d3-color": "1 - 3",
        "d3-dispatch": "1 - 3",
        "d3-ease": "1 - 3",
        "d3-interpolate": "1 - 3",
        "d3-timer": "1 - 3"
      },
      "engines": {
        "node": ">=12"
      },
      "peerDependencies": {
        "d3-selection": "2 - 3"
      }
    },
    "node_modules/d3-zoom": {
      "version": "3.0.0",
      "resolved": "https://registry.npmjs.org/d3-zoom/-/d3-zoom-3.0.0.tgz",
      "integrity": "sha512-b8AmV3kfQaqWAuacbPuNbL6vahnOJflOhexLzMMNLga62+/nh0JzvJ0aO/5a5MVgUFGS7Hu1P9P03o3fJkDCyw==",
      "dependencies": {
        "d3-dispatch": "1 - 3",
        "d3-drag": "2 - 3",
        "d3-interpolate": "1 - 3",
        "d3-selection": "2 - 3",
        "d3-transition": "2 - 3"
      },
      "engines": {
        "node": ">=12"
      }
    },
    "node_modules/glob-to-regexp": {
      "version": "0.4.1",
      "resolved": "https://registry.npmjs.org/glob-to-regexp/-/glob-to-regexp-0.4.1.tgz",
      "integrity": "sha512-lkX1HJXwyMcprw/5YUZc2s7DrpAiHB21/V+E1rHUrVNokkvB6bqMzT0VfV6/86ZNabt1k14YOIaT7nDvOX3Iiw=="
    },
    "node_modules/graceful-fs": {
      "version": "4.2.11",
      "resolved": "https://registry.npmjs.org/graceful-fs/-/graceful-fs-4.2.11.tgz",
      "integrity": "sha512-RbJ5/jmFcNNCcDV5o9eTnBLJ/HszWV0P73bc+Ff4nS/rJj+YaS6IGyiOL0VoBYX+l1Wrl3k63h/KrH+nhJ0XvQ=="
    },
    "node_modules/js-tokens": {
      "version": "4.0.0",
      "resolved": "https://registry.npmjs.org/js-tokens/-/js-tokens-4.0.0.tgz",
      "integrity": "sha512-RdJUflcE3cUzKiMqQgsCu06FPu9UdIJO0beYbPhHN4k6apgJtifcoCtT9bcxOpYBtpD2kCM6Sbzg4CausW/PKQ=="
    },
    "node_modules/loose-envify": {
      "version": "1.4.0",
      "resolved": "https://registry.npmjs.org/loose-envify/-/loose-envify-1.4.0.tgz",
      "integrity": "sha512-lyuxPGr/Wfhrlem2CL/UcnUc1zcqKAImBDzukY7Y5F/yQiNdko6+fRLevlw1HgMySw7f611UIY408EtxRSoK3Q==",
      "dependencies": {
        "js-tokens": "^3.0.0 || ^4.0.0"
      },
      "bin": {
        "loose-envify": "cli.js"
      }
    },
    "node_modules/nanoid": {
      "version": "3.3.6",
      "resolved": "https://registry.npmjs.org/nanoid/-/nanoid-3.3.6.tgz",
      "integrity": "sha512-BGcqMMJuToF7i1rt+2PWSNVnWIkGCU78jBG3RxO/bZlnZPK2Cmi2QaffxGO/2RvWi9sL+FAiRiXMgsyxQ1DIDA==",
      "funding": [
        {
          "type": "github",
          "url": "https://github.com/sponsors/ai"
        }
      ],
      "bin": {
        "nanoid": "bin/nanoid.cjs"
      },
      "engines": {
        "node": "^10 || ^12 || ^13.7 || ^14 || >=15.0.1"
      }
    },
    "node_modules/next": {
      "version": "13.4.9",
      "resolved": "https://registry.npmjs.org/next/-/next-13.4.9.tgz",
      "integrity": "sha512-vtefFm/BWIi/eWOqf1GsmKG3cjKw1k3LjuefKRcL3iiLl3zWzFdPG3as6xtxrGO6gwTzzaO1ktL4oiHt/uvTjA==",
      "dependencies": {
        "@next/env": "13.4.9",
        "@swc/helpers": "0.5.1",
        "busboy": "1.6.0",
        "caniuse-lite": "^1.0.30001406",
        "postcss": "8.4.14",
        "styled-jsx": "5.1.1",
        "watchpack": "2.4.0",
        "zod": "3.21.4"
      },
      "bin": {
        "next": "dist/bin/next"
      },
      "engines": {
        "node": ">=16.8.0"
      },
      "optionalDependencies": {
        "@next/swc-darwin-arm64": "13.4.9",
        "@next/swc-darwin-x64": "13.4.9",
        "@next/swc-linux-arm64-gnu": "13.4.9",
        "@next/swc-linux-arm64-musl": "13.4.9",
        "@next/swc-linux-x64-gnu": "13.4.9",
        "@next/swc-linux-x64-musl": "13.4.9",
        "@next/swc-win32-arm64-msvc": "13.4.9",
        "@next/swc-win32-ia32-msvc": "13.4.9",
        "@next/swc-win32-x64-msvc": "13.4.9"
      },
      "peerDependencies": {
        "@opentelemetry/api": "^1.1.0",
        "fibers": ">= 3.1.0",
        "react": "^18.2.0",
        "react-dom": "^18.2.0",
        "sass": "^1.3.0"
      },
      "peerDependenciesMeta": {
        "@opentelemetry/api": {
          "optional": true
        },
        "fibers": {
          "optional": true
        },
        "sass": {
          "optional": true
        }
      }
    },
    "node_modules/picocolors": {
      "version": "1.0.0",
      "resolved": "https://registry.npmjs.org/picocolors/-/picocolors-1.0.0.tgz",
      "integrity": "sha512-1fygroTLlHu66zi26VoTDv8yRgm0Fccecssto+MhsZ0D/DGW2sm8E8AjW7NU5VVTRt5GxbeZ5qBuJr+HyLYkjQ=="
    },
    "node_modules/postcss": {
      "version": "8.4.14",
      "resolved": "https://registry.npmjs.org/postcss/-/postcss-8.4.14.tgz",
      "integrity": "sha512-E398TUmfAYFPBSdzgeieK2Y1+1cpdxJx8yXbK/m57nRhKSmk1GB2tO4lbLBtlkfPQTDKfe4Xqv1ASWPpayPEig==",
      "funding": [
        {
          "type": "opencollective",
          "url": "https://opencollective.com/postcss/"
        },
        {
          "type": "tidelift",
          "url": "https://tidelift.com/funding/github/npm/postcss"
        }
      ],
      "dependencies": {
        "nanoid": "^3.3.4",
        "picocolors": "^1.0.0",
        "source-map-js": "^1.0.2"
      },
      "engines": {
        "node": "^10 || ^12 || >=14"
      }
    },
    "node_modules/react": {
      "version": "18.2.0",
      "resolved": "https://registry.npmjs.org/react/-/react-18.2.0.tgz",
      "integrity": "sha512-/3IjMdb2L9QbBdWiW5e3P2/npwMBaU9mHCSCUzNln0ZCYbcfTsGbTJrU/kGemdH2IWmB2ioZ+zkxtmq6g09fGQ==",
      "dependencies": {
        "loose-envify": "^1.1.0"
      },
      "engines": {
        "node": ">=0.10.0"
      }
    },
    "node_modules/react-dom": {
      "version": "18.2.0",
      "resolved": "https://registry.npmjs.org/react-dom/-/react-dom-18.2.0.tgz",
      "integrity": "sha512-6IMTriUmvsjHUjNtEDudZfuDQUoWXVxKHhlEGSk81n4YFS+r/Kl99wXiwlVXtPBtJenozv2P+hxDsw9eA7Xo6g==",
      "dependencies": {
        "loose-envify": "^1.1.0",
        "scheduler": "^0.23.0"
      },
      "peerDependencies": {
        "react": "^18.2.0"
      }
    },
    "node_modules/reactflow": {
      "version": "11.7.4",
      "resolved": "https://registry.npmjs.org/reactflow/-/reactflow-11.7.4.tgz",
      "integrity": "sha512-QI6+oc1Ft6oFeLSdHlp+SmgymbI5Tm49wj5JyE84O4A54yN/ImfYaBhLit9Cmfzxn9Tz6tDqmGMGbk4bdtB8/w==",
      "dependencies": {
        "@reactflow/background": "11.2.4",
        "@reactflow/controls": "11.1.15",
        "@reactflow/core": "11.7.4",
        "@reactflow/minimap": "11.5.4",
        "@reactflow/node-resizer": "2.1.1",
        "@reactflow/node-toolbar": "1.2.3"
      },
      "peerDependencies": {
        "react": ">=17",
        "react-dom": ">=17"
      }
    },
    "node_modules/scheduler": {
      "version": "0.23.0",
      "resolved": "https://registry.npmjs.org/scheduler/-/scheduler-0.23.0.tgz",
      "integrity": "sha512-CtuThmgHNg7zIZWAXi3AsyIzA3n4xx7aNyjwC2VJldO2LMVDhFK+63xGqq6CsJH4rTAt6/M+N4GhZiDYPx9eUw==",
      "dependencies": {
        "loose-envify": "^1.1.0"
      }
    },
    "node_modules/source-map-js": {
      "version": "1.0.2",
      "resolved": "https://registry.npmjs.org/source-map-js/-/source-map-js-1.0.2.tgz",
      "integrity": "sha512-R0XvVJ9WusLiqTCEiGCmICCMplcCkIwwR11mOSD9CR5u+IXYdiseeEuXCVAjS54zqwkLcPNnmU4OeJ6tUrWhDw==",
      "engines": {
        "node": ">=0.10.0"
      }
    },
    "node_modules/streamsearch": {
      "version": "1.1.0",
      "resolved": "https://registry.npmjs.org/streamsearch/-/streamsearch-1.1.0.tgz",
      "integrity": "sha512-Mcc5wHehp9aXz1ax6bZUyY5afg9u2rv5cqQI3mRrYkGC8rW2hM02jWuwjtL++LS5qinSyhj2QfLyNsuc+VsExg==",
      "engines": {
        "node": ">=10.0.0"
      }
    },
    "node_modules/styled-jsx": {
      "version": "5.1.1",
      "resolved": "https://registry.npmjs.org/styled-jsx/-/styled-jsx-5.1.1.tgz",
      "integrity": "sha512-pW7uC1l4mBZ8ugbiZrcIsiIvVx1UmTfw7UkC3Um2tmfUq9Bhk8IiyEIPl6F8agHgjzku6j0xQEZbfA5uSgSaCw==",
      "dependencies": {
        "client-only": "0.0.1"
      },
      "engines": {
        "node": ">= 12.0.0"
      },
      "peerDependencies": {
        "react": ">= 16.8.0 || 17.x.x || ^18.0.0-0"
      },
      "peerDependenciesMeta": {
        "@babel/core": {
          "optional": true
        },
        "babel-plugin-macros": {
          "optional": true
        }
      }
    },
    "node_modules/tslib": {
      "version": "2.6.0",
      "resolved": "https://registry.npmjs.org/tslib/-/tslib-2.6.0.tgz",
      "integrity": "sha512-7At1WUettjcSRHXCyYtTselblcHl9PJFFVKiCAy/bY97+BPZXSQ2wbq0P9s8tK2G7dFQfNnlJnPAiArVBVBsfA=="
    },
    "node_modules/use-sync-external-store": {
      "version": "1.2.0",
      "resolved": "https://registry.npmjs.org/use-sync-external-store/-/use-sync-external-store-1.2.0.tgz",
      "integrity": "sha512-eEgnFxGQ1Ife9bzYs6VLi8/4X6CObHMw9Qr9tPY43iKwsPw8xE8+EFsf/2cFZ5S3esXgpWgtSCtLNS41F+sKPA==",
      "peerDependencies": {
        "react": "^16.8.0 || ^17.0.0 || ^18.0.0"
      }
    },
    "node_modules/watchpack": {
      "version": "2.4.0",
      "resolved": "https://registry.npmjs.org/watchpack/-/watchpack-2.4.0.tgz",
      "integrity": "sha512-Lcvm7MGST/4fup+ifyKi2hjyIAwcdI4HRgtvTpIUxBRhB+RFtUh8XtDOxUfctVCnhVi+QQj49i91OyvzkJl6cg==",
      "dependencies": {
        "glob-to-regexp": "^0.4.1",
        "graceful-fs": "^4.1.2"
      },
      "engines": {
        "node": ">=10.13.0"
      }
    },
    "node_modules/zod": {
      "version": "3.21.4",
      "resolved": "https://registry.npmjs.org/zod/-/zod-3.21.4.tgz",
      "integrity": "sha512-m46AKbrzKVzOzs/DZgVnG5H55N1sv1M8qZU3A8RIKbs3mrACDNeIOeilDymVb2HdmP8uwshOCF4uJ8uM9rCqJw==",
      "funding": {
        "url": "https://github.com/sponsors/colinhacks"
      }
    },
    "node_modules/zustand": {
      "version": "4.3.9",
      "resolved": "https://registry.npmjs.org/zustand/-/zustand-4.3.9.tgz",
      "integrity": "sha512-Tat5r8jOMG1Vcsj8uldMyqYKC5IZvQif8zetmLHs9WoZlntTHmIoNM8TpLRY31ExncuUvUOXehd0kvahkuHjDw==",
      "dependencies": {
        "use-sync-external-store": "1.2.0"
      },
      "engines": {
        "node": ">=12.7.0"
      },
      "peerDependencies": {
        "immer": ">=9.0",
        "react": ">=16.8"
      },
      "peerDependenciesMeta": {
        "immer": {
          "optional": true
        },
        "react": {
          "optional": true
        }
      }
    }
  }
}
